<?xml version="1.0" encoding="utf-8"?>
<Project ToolsVersion="4.0" xmlns="http://schemas.microsoft.com/developer/msbuild/2003">
  <ItemGroup>
    <Filter Include="Micro">
      <UniqueIdentifier>{FFA6AB0D-6BBB-D3BE-343D-771EA010D0EF}</UniqueIdentifier>
    </Filter>
    <Filter Include="Micro\Events">
      <UniqueIdentifier>{039E5D70-EF00-ED14-9886-25CB84C8B897}</UniqueIdentifier>
    </Filter>
    <Filter Include="Micro\Platform">
      <UniqueIdentifier>{33325B1A-1F00-4F20-0894-BF46F4002B85}</UniqueIdentifier>
    </Filter>
    <Filter Include="Micro\Platform\Windows">
      <UniqueIdentifier>{6D5F454E-5959-6EA0-42C6-04B12E5FD40C}</UniqueIdentifier>
    </Filter>
  </ItemGroup>
  <ItemGroup>
    <ClInclude Include="src\Micro.h" />
    <ClInclude Include="src\Micro\Application.h">
      <Filter>Micro</Filter>
    </ClInclude>
    <ClInclude Include="src\Micro\Core.h">
      <Filter>Micro</Filter>
    </ClInclude>
    <ClInclude Include="src\Micro\EntryPoint.h">
      <Filter>Micro</Filter>
    </ClInclude>
    <ClInclude Include="src\Micro\Events\ApplicationEvent.h">
      <Filter>Micro\Events</Filter>
    </ClInclude>
    <ClInclude Include="src\Micro\Events\Event.h">
      <Filter>Micro\Events</Filter>
    </ClInclude>
    <ClInclude Include="src\Micro\Events\KeyEvent.h">
      <Filter>Micro\Events</Filter>
    </ClInclude>
    <ClInclude Include="src\Micro\Events\MouseEvent.h">
      <Filter>Micro\Events</Filter>
    </ClInclude>
    <ClInclude Include="src\Micro\Layer.h">
      <Filter>Micro</Filter>
    </ClInclude>
    <ClInclude Include="src\Micro\LayerStack.h">
      <Filter>Micro</Filter>
    </ClInclude>
    <ClInclude Include="src\Micro\Log.h">
      <Filter>Micro</Filter>
    </ClInclude>
    <ClInclude Include="src\Micro\Platform\Windows\WindowsWindow.h">
      <Filter>Micro\Platform\Windows</Filter>
    </ClInclude>
    <ClInclude Include="src\Micro\Window.h">
      <Filter>Micro</Filter>
    </ClInclude>
    <ClInclude Include="src\Mipch.h" />
  </ItemGroup>
  <ItemGroup>
    <ClCompile Include="src\Micro\Application.cpp">
      <Filter>Micro</Filter>
    </ClCompile>
    <ClCompile Include="src\Micro\Layer.cpp">
      <Filter>Micro</Filter>
    </ClCompile>
    <ClCompile Include="src\Micro\LayerStack.cpp">
      <Filter>Micro</Filter>
    </ClCompile>
    <ClCompile Include="src\Micro\Log.cpp">
      <Filter>Micro</Filter>
    </ClCompile>
    <ClCompile Include="src\Micro\Platform\Windows\WindowsWindow.cpp">
      <Filter>Micro\Platform\Windows</Filter>
    </ClCompile>
    <ClCompile Include="src\Mipch.cpp" />
  </ItemGroup>
</Project>